// !$*UTF8*$!
{
	archiveVersion = 1;
	classes = {
	};
	objectVersion = 46;
	objects = {

/* Begin PBXBuildFile section */
		98A49D361E1E2029006D7C67 /* AppDelegate.swift in Sources */ = {isa = PBXBuildFile; fileRef = 98A49D351E1E2029006D7C67 /* AppDelegate.swift */; };
		98A49D381E1E2029006D7C67 /* ViewController.swift in Sources */ = {isa = PBXBuildFile; fileRef = 98A49D371E1E2029006D7C67 /* ViewController.swift */; };
		98A49D3B1E1E2029006D7C67 /* Main.storyboard in Resources */ = {isa = PBXBuildFile; fileRef = 98A49D391E1E2029006D7C67 /* Main.storyboard */; };
		98A49D3D1E1E2029006D7C67 /* Assets.xcassets in Resources */ = {isa = PBXBuildFile; fileRef = 98A49D3C1E1E2029006D7C67 /* Assets.xcassets */; };
		98A49D401E1E2029006D7C67 /* LaunchScreen.storyboard in Resources */ = {isa = PBXBuildFile; fileRef = 98A49D3E1E1E2029006D7C67 /* LaunchScreen.storyboard */; };
		98A49D4B1E1E2029006D7C67 /* Healthee_for_iOSTests.swift in Sources */ = {isa = PBXBuildFile; fileRef = 98A49D4A1E1E2029006D7C67 /* Healthee_for_iOSTests.swift */; };
		98A49D561E1E2029006D7C67 /* Healthee_for_iOSUITests.swift in Sources */ = {isa = PBXBuildFile; fileRef = 98A49D551E1E2029006D7C67 /* Healthee_for_iOSUITests.swift */; };
/* End PBXBuildFile section */

/* Begin PBXContainerItemProxy section */
		98A49D471E1E2029006D7C67 /* PBXContainerItemProxy */ = {
			isa = PBXContainerItemProxy;
			containerPortal = 98A49D2A1E1E2028006D7C67 /* Project object */;
			proxyType = 1;
			remoteGlobalIDString = 98A49D311E1E2028006D7C67;
			remoteInfo = "Healthee for iOS";
		};
		98A49D521E1E2029006D7C67 /* PBXContainerItemProxy */ = {
			isa = PBXContainerItemProxy;
			containerPortal = 98A49D2A1E1E2028006D7C67 /* Project object */;
			proxyType = 1;
			remoteGlobalIDString = 98A49D311E1E2028006D7C67;
			remoteInfo = "Healthee for iOS";
		};
/* End PBXContainerItemProxy section */

/* Begin PBXFileReference section */
		98A49D321E1E2029006D7C67 /* Healthee for iOS.app */ = {isa = PBXFileReference; explicitFileType = wrapper.application; includeInIndex = 0; path = "Healthee for iOS.app"; sourceTree = BUILT_PRODUCTS_DIR; };
		98A49D351E1E2029006D7C67 /* AppDelegate.swift */ = {isa = PBXFileReference; lastKnownFileType = sourcecode.swift; path = AppDelegate.swift; sourceTree = "<group>"; };
		98A49D371E1E2029006D7C67 /* ViewController.swift */ = {isa = PBXFileReference; lastKnownFileType = sourcecode.swift; path = ViewController.swift; sourceTree = "<group>"; };
		98A49D3A1E1E2029006D7C67 /* Base */ = {isa = PBXFileReference; lastKnownFileType = file.storyboard; name = Base; path = Base.lproj/Main.storyboard; sourceTree = "<group>"; };
		98A49D3C1E1E2029006D7C67 /* Assets.xcassets */ = {isa = PBXFileReference; lastKnownFileType = folder.assetcatalog; path = Assets.xcassets; sourceTree = "<group>"; };
		98A49D3F1E1E2029006D7C67 /* Base */ = {isa = PBXFileReference; lastKnownFileType = file.storyboard; name = Base; path = Base.lproj/LaunchScreen.storyboard; sourceTree = "<group>"; };
		98A49D411E1E2029006D7C67 /* Info.plist */ = {isa = PBXFileReference; lastKnownFileType = text.plist.xml; path = Info.plist; sourceTree = "<group>"; };
		98A49D461E1E2029006D7C67 /* Healthee for iOSTests.xctest */ = {isa = PBXFileReference; explicitFileType = wrapper.cfbundle; includeInIndex = 0; path = "Healthee for iOSTests.xctest"; sourceTree = BUILT_PRODUCTS_DIR; };
		98A49D4A1E1E2029006D7C67 /* Healthee_for_iOSTests.swift */ = {isa = PBXFileReference; lastKnownFileType = sourcecode.swift; path = Healthee_for_iOSTests.swift; sourceTree = "<group>"; };
		98A49D4C1E1E2029006D7C67 /* Info.plist */ = {isa = PBXFileReference; lastKnownFileType = text.plist.xml; path = Info.plist; sourceTree = "<group>"; };
		98A49D511E1E2029006D7C67 /* Healthee for iOSUITests.xctest */ = {isa = PBXFileReference; explicitFileType = wrapper.cfbundle; includeInIndex = 0; path = "Healthee for iOSUITests.xctest"; sourceTree = BUILT_PRODUCTS_DIR; };
		98A49D551E1E2029006D7C67 /* Healthee_for_iOSUITests.swift */ = {isa = PBXFileReference; lastKnownFileType = sourcecode.swift; path = Healthee_for_iOSUITests.swift; sourceTree = "<group>"; };
		98A49D571E1E2029006D7C67 /* Info.plist */ = {isa = PBXFileReference; lastKnownFileType = text.plist.xml; path = Info.plist; sourceTree = "<group>"; };
/* End PBXFileReference section */

/* Begin PBXFrameworksBuildPhase section */
		98A49D2F1E1E2028006D7C67 /* Frameworks */ = {
			isa = PBXFrameworksBuildPhase;
			buildActionMask = 2147483647;
			files = (
			);
			runOnlyForDeploymentPostprocessing = 0;
		};
		98A49D431E1E2029006D7C67 /* Frameworks */ = {
			isa = PBXFrameworksBuildPhase;
			buildActionMask = 2147483647;
			files = (
			);
			runOnlyForDeploymentPostprocessing = 0;
		};
		98A49D4E1E1E2029006D7C67 /* Frameworks */ = {
			isa = PBXFrameworksBuildPhase;
			buildActionMask = 2147483647;
			files = (
			);
			runOnlyForDeploymentPostprocessing = 0;
		};
/* End PBXFrameworksBuildPhase section */

/* Begin PBXGroup section */
		98A49D291E1E2028006D7C67 = {
			isa = PBXGroup;
			children = (
				98A49D341E1E2029006D7C67 /* Healthee for iOS */,
				98A49D491E1E2029006D7C67 /* Healthee for iOSTests */,
				98A49D541E1E2029006D7C67 /* Healthee for iOSUITests */,
				98A49D331E1E2029006D7C67 /* Products */,
			);
			sourceTree = "<group>";
		};
		98A49D331E1E2029006D7C67 /* Products */ = {
			isa = PBXGroup;
			children = (
				98A49D321E1E2029006D7C67 /* Healthee for iOS.app */,
				98A49D461E1E2029006D7C67 /* Healthee for iOSTests.xctest */,
				98A49D511E1E2029006D7C67 /* Healthee for iOSUITests.xctest */,
			);
			name = Products;
			sourceTree = "<group>";
		};
		98A49D341E1E2029006D7C67 /* Healthee for iOS */ = {
			isa = PBXGroup;
			children = (
				98A49D351E1E2029006D7C67 /* AppDelegate.swift */,
				98A49D371E1E2029006D7C67 /* ViewController.swift */,
				98A49D391E1E2029006D7C67 /* Main.storyboard */,
				98A49D3C1E1E2029006D7C67 /* Assets.xcassets */,
				98A49D3E1E1E2029006D7C67 /* LaunchScreen.storyboard */,
				98A49D411E1E2029006D7C67 /* Info.plist */,
			);
			path = "Healthee for iOS";
			sourceTree = "<group>";
		};
		98A49D491E1E2029006D7C67 /* Healthee for iOSTests */ = {
			isa = PBXGroup;
			children = (
				98A49D4A1E1E2029006D7C67 /* Healthee_for_iOSTests.swift */,
				98A49D4C1E1E2029006D7C67 /* Info.plist */,
			);
			path = "Healthee for iOSTests";
			sourceTree = "<group>";
		};
		98A49D541E1E2029006D7C67 /* Healthee for iOSUITests */ = {
			isa = PBXGroup;
			children = (
				98A49D551E1E2029006D7C67 /* Healthee_for_iOSUITests.swift */,
				98A49D571E1E2029006D7C67 /* Info.plist */,
			);
			path = "Healthee for iOSUITests";
			sourceTree = "<group>";
		};
/* End PBXGroup section */

/* Begin PBXNativeTarget section */
		98A49D311E1E2028006D7C67 /* Healthee for iOS */ = {
			isa = PBXNativeTarget;
			buildConfigurationList = 98A49D5A1E1E2029006D7C67 /* Build configuration list for PBXNativeTarget "Healthee for iOS" */;
			buildPhases = (
				98A49D2E1E1E2028006D7C67 /* Sources */,
				98A49D2F1E1E2028006D7C67 /* Frameworks */,
				98A49D301E1E2028006D7C67 /* Resources */,
			);
			buildRules = (
			);
			dependencies = (
			);
			name = "Healthee for iOS";
			productName = "Healthee for iOS";
			productReference = 98A49D321E1E2029006D7C67 /* Healthee for iOS.app */;
			productType = "com.apple.product-type.application";
		};
		98A49D451E1E2029006D7C67 /* Healthee for iOSTests */ = {
			isa = PBXNativeTarget;
			buildConfigurationList = 98A49D5D1E1E2029006D7C67 /* Build configuration list for PBXNativeTarget "Healthee for iOSTests" */;
			buildPhases = (
				98A49D421E1E2029006D7C67 /* Sources */,
				98A49D431E1E2029006D7C67 /* Frameworks */,
				98A49D441E1E2029006D7C67 /* Resources */,
			);
			buildRules = (
			);
			dependencies = (
				98A49D481E1E2029006D7C67 /* PBXTargetDependency */,
			);
			name = "Healthee for iOSTests";
			productName = "Healthee for iOSTests";
			productReference = 98A49D461E1E2029006D7C67 /* Healthee for iOSTests.xctest */;
			productType = "com.apple.product-type.bundle.unit-test";
		};
		98A49D501E1E2029006D7C67 /* Healthee for iOSUITests */ = {
			isa = PBXNativeTarget;
			buildConfigurationList = 98A49D601E1E2029006D7C67 /* Build configuration list for PBXNativeTarget "Healthee for iOSUITests" */;
			buildPhases = (
				98A49D4D1E1E2029006D7C67 /* Sources */,
				98A49D4E1E1E2029006D7C67 /* Frameworks */,
				98A49D4F1E1E2029006D7C67 /* Resources */,
			);
			buildRules = (
			);
			dependencies = (
				98A49D531E1E2029006D7C67 /* PBXTargetDependency */,
			);
			name = "Healthee for iOSUITests";
			productName = "Healthee for iOSUITests";
			productReference = 98A49D511E1E2029006D7C67 /* Healthee for iOSUITests.xctest */;
			productType = "com.apple.product-type.bundle.ui-testing";
		};
/* End PBXNativeTarget section */

/* Begin PBXProject section */
		98A49D2A1E1E2028006D7C67 /* Project object */ = {
			isa = PBXProject;
			attributes = {
				LastSwiftUpdateCheck = 0810;
				LastUpgradeCheck = 0810;
				ORGANIZATIONNAME = "Shashank Acharya";
				TargetAttributes = {
					98A49D311E1E2028006D7C67 = {
						CreatedOnToolsVersion = 8.1;
						DevelopmentTeam = DE7X372854;
						ProvisioningStyle = Automatic;
					};
					98A49D451E1E2029006D7C67 = {
						CreatedOnToolsVersion = 8.1;
						DevelopmentTeam = DE7X372854;
						ProvisioningStyle = Automatic;
						TestTargetID = 98A49D311E1E2028006D7C67;
					};
					98A49D501E1E2029006D7C67 = {
						CreatedOnToolsVersion = 8.1;
						DevelopmentTeam = DE7X372854;
						ProvisioningStyle = Automatic;
						TestTargetID = 98A49D311E1E2028006D7C67;
					};
				};
			};
			buildConfigurationList = 98A49D2D1E1E2028006D7C67 /* Build configuration list for PBXProject "Healthee for iOS" */;
			compatibilityVersion = "Xcode 3.2";
			developmentRegion = English;
			hasScannedForEncodings = 0;
			knownRegions = (
				en,
				Base,
			);
			mainGroup = 98A49D291E1E2028006D7C67;
			productRefGroup = 98A49D331E1E2029006D7C67 /* Products */;
			projectDirPath = "";
			projectRoot = "";
			targets = (
				98A49D311E1E2028006D7C67 /* Healthee for iOS */,
				98A49D451E1E2029006D7C67 /* Healthee for iOSTests */,
				98A49D501E1E2029006D7C67 /* Healthee for iOSUITests */,
			);
		};
/* End PBXProject section */

/* Begin PBXResourcesBuildPhase section */
		98A49D301E1E2028006D7C67 /* Resources */ = {
			isa = PBXResourcesBuildPhase;
			buildActionMask = 2147483647;
			files = (
				98A49D401E1E2029006D7C67 /* LaunchScreen.storyboard in Resources */,
				98A49D3D1E1E2029006D7C67 /* Assets.xcassets in Resources */,
				98A49D3B1E1E2029006D7C67 /* Main.storyboard in Resources */,
			);
			runOnlyForDeploymentPostprocessing = 0;
		};
		98A49D441E1E2029006D7C67 /* Resources */ = {
			isa = PBXResourcesBuildPhase;
			buildActionMask = 2147483647;
			files = (
			);
			runOnlyForDeploymentPostprocessing = 0;
		};
		98A49D4F1E1E2029006D7C67 /* Resources */ = {
			isa = PBXResourcesBuildPhase;
			buildActionMask = 2147483647;
			files = (
			);
			runOnlyForDeploymentPostprocessing = 0;
		};
/* End PBXResourcesBuildPhase section */

/* Begin PBXSourcesBuildPhase section */
		98A49D2E1E1E2028006D7C67 /* Sources */ = {
			isa = PBXSourcesBuildPhase;
			buildActionMask = 2147483647;
			files = (
				98A49D381E1E2029006D7C67 /* ViewController.swift in Sources */,
				98A49D361E1E2029006D7C67 /* AppDelegate.swift in Sources */,
			);
			runOnlyForDeploymentPostprocessing = 0;
		};
		98A49D421E1E2029006D7C67 /* Sources */ = {
			isa = PBXSourcesBuildPhase;
			buildActionMask = 2147483647;
			files = (
				98A49D4B1E1E2029006D7C67 /* Healthee_for_iOSTests.swift in Sources */,
			);
			runOnlyForDeploymentPostprocessing = 0;
		};
		98A49D4D1E1E2029006D7C67 /* Sources */ = {
			isa = PBXSourcesBuildPhase;
			buildActionMask = 2147483647;
			files = (
				98A49D561E1E2029006D7C67 /* Healthee_for_iOSUITests.swift in Sources */,
			);
			runOnlyForDeploymentPostprocessing = 0;
		};
/* End PBXSourcesBuildPhase section */

/* Begin PBXTargetDependency section */
		98A49D481E1E2029006D7C67 /* PBXTargetDependency */ = {
			isa = PBXTargetDependency;
			target = 98A49D311E1E2028006D7C67 /* Healthee for iOS */;
			targetProxy = 98A49D471E1E2029006D7C67 /* PBXContainerItemProxy */;
		};
		98A49D531E1E2029006D7C67 /* PBXTargetDependency */ = {
			isa = PBXTargetDependency;
			target = 98A49D311E1E2028006D7C67 /* Healthee for iOS */;
			targetProxy = 98A49D521E1E2029006D7C67 /* PBXContainerItemProxy */;
		};
/* End PBXTargetDependency section */

/* Begin PBXVariantGroup section */
		98A49D391E1E2029006D7C67 /* Main.storyboard */ = {
			isa = PBXVariantGroup;
			children = (
				98A49D3A1E1E2029006D7C67 /* Base */,
			);
			name = Main.storyboard;
			sourceTree = "<group>";
		};
		98A49D3E1E1E2029006D7C67 /* LaunchScreen.storyboard */ = {
			isa = PBXVariantGroup;
			children = (
				98A49D3F1E1E2029006D7C67 /* Base */,
			);
			name = LaunchScreen.storyboard;
			sourceTree = "<group>";
		};
/* End PBXVariantGroup section */

/* Begin XCBuildConfiguration section */
		98A49D581E1E2029006D7C67 /* Debug */ = {
			isa = XCBuildConfiguration;
			buildSettings = {
				ALWAYS_SEARCH_USER_PATHS = NO;
				CLANG_ANALYZER_NONNULL = YES;
				CLANG_CXX_LANGUAGE_STANDARD = "gnu++0x";
				CLANG_CXX_LIBRARY = "libc++";
				CLANG_ENABLE_MODULES = YES;
				CLANG_ENABLE_OBJC_ARC = YES;
				CLANG_WARN_BOOL_CONVERSION = YES;
				CLANG_WARN_CONSTANT_CONVERSION = YES;
				CLANG_WARN_DIRECT_OBJC_ISA_USAGE = YES_ERROR;
				CLANG_WARN_DOCUMENTATION_COMMENTS = YES;
				CLANG_WARN_EMPTY_BODY = YES;
				CLANG_WARN_ENUM_CONVERSION = YES;
				CLANG_WARN_INFINITE_RECURSION = YES;
				CLANG_WARN_INT_CONVERSION = YES;
				CLANG_WARN_OBJC_ROOT_CLASS = YES_ERROR;
				CLANG_WARN_SUSPICIOUS_MOVES = YES;
				CLANG_WARN_UNREACHABLE_CODE = YES;
				CLANG_WARN__DUPLICATE_METHOD_MATCH = YES;
				"CODE_SIGN_IDENTITY[sdk=iphoneos*]" = "iPhone Developer";
				COPY_PHASE_STRIP = NO;
				DEBUG_INFORMATION_FORMAT = dwarf;
				ENABLE_STRICT_OBJC_MSGSEND = YES;
				ENABLE_TESTABILITY = YES;
				GCC_C_LANGUAGE_STANDARD = gnu99;
				GCC_DYNAMIC_NO_PIC = NO;
				GCC_NO_COMMON_BLOCKS = YES;
				GCC_OPTIMIZATION_LEVEL = 0;
				GCC_PREPROCESSOR_DEFINITIONS = (
					"DEBUG=1",
					"$(inherited)",
				);
				GCC_WARN_64_TO_32_BIT_CONVERSION = YES;
				GCC_WARN_ABOUT_RETURN_TYPE = YES_ERROR;
				GCC_WARN_UNDECLARED_SELECTOR = YES;
				GCC_WARN_UNINITIALIZED_AUTOS = YES_AGGRESSIVE;
				GCC_WARN_UNUSED_FUNCTION = YES;
				GCC_WARN_UNUSED_VARIABLE = YES;
				IPHONEOS_DEPLOYMENT_TARGET = 10.1;
				MTL_ENABLE_DEBUG_INFO = YES;
				ONLY_ACTIVE_ARCH = YES;
				SDKROOT = iphoneos;
				SWIFT_ACTIVE_COMPILATION_CONDITIONS = DEBUG;
				SWIFT_OPTIMIZATION_LEVEL = "-Onone";
			};
			name = Debug;
		};
		98A49D591E1E2029006D7C67 /* Release */ = {
			isa = XCBuildConfiguration;
			buildSettings = {
				ALWAYS_SEARCH_USER_PATHS = NO;
				CLANG_ANALYZER_NONNULL = YES;
				CLANG_CXX_LANGUAGE_STANDARD = "gnu++0x";
				CLANG_CXX_LIBRARY = "libc++";
				CLANG_ENABLE_MODULES = YES;
				CLANG_ENABLE_OBJC_ARC = YES;
				CLANG_WARN_BOOL_CONVERSION = YES;
				CLANG_WARN_CONSTANT_CONVERSION = YES;
				CLANG_WARN_DIRECT_OBJC_ISA_USAGE = YES_ERROR;
				CLANG_WARN_DOCUMENTATION_COMMENTS = YES;
				CLANG_WARN_EMPTY_BODY = YES;
				CLANG_WARN_ENUM_CONVERSION = YES;
				CLANG_WARN_INFINITE_RECURSION = YES;
				CLANG_WARN_INT_CONVERSION = YES;
				CLANG_WARN_OBJC_ROOT_CLASS = YES_ERROR;
				CLANG_WARN_SUSPICIOUS_MOVES = YES;
				CLANG_WARN_UNREACHABLE_CODE = YES;
				CLANG_WARN__DUPLICATE_METHOD_MATCH = YES;
				"CODE_SIGN_IDENTITY[sdk=iphoneos*]" = "iPhone Developer";
				COPY_PHASE_STRIP = NO;
				DEBUG_INFORMATION_FORMAT = "dwarf-with-dsym";
				ENABLE_NS_ASSERTIONS = NO;
				ENABLE_STRICT_OBJC_MSGSEND = YES;
				GCC_C_LANGUAGE_STANDARD = gnu99;
				GCC_NO_COMMON_BLOCKS = YES;
				GCC_WARN_64_TO_32_BIT_CONVERSION = YES;
				GCC_WARN_ABOUT_RETURN_TYPE = YES_ERROR;
				GCC_WARN_UNDECLARED_SELECTOR = YES;
				GCC_WARN_UNINITIALIZED_AUTOS = YES_AGGRESSIVE;
				GCC_WARN_UNUSED_FUNCTION = YES;
				GCC_WARN_UNUSED_VARIABLE = YES;
				IPHONEOS_DEPLOYMENT_TARGET = 10.1;
				MTL_ENABLE_DEBUG_INFO = NO;
				SDKROOT = iphoneos;
				SWIFT_OPTIMIZATION_LEVEL = "-Owholemodule";
				VALIDATE_PRODUCT = YES;
			};
			name = Release;
		};
		98A49D5B1E1E2029006D7C67 /* Debug */ = {
			isa = XCBuildConfiguration;
			buildSettings = {
				ASSETCATALOG_COMPILER_APPICON_NAME = AppIcon;
				DEVELOPMENT_TEAM = DE7X372854;
				INFOPLIST_FILE = "Healthee for iOS/Info.plist";
				LD_RUNPATH_SEARCH_PATHS = "$(inherited) @executable_path/Frameworks";
				PRODUCT_BUNDLE_IDENTIFIER = "shashank-acharya.Healthee-for-iOS";
				PRODUCT_NAME = "$(TARGET_NAME)";
				SWIFT_VERSION = 3.0;
			};
			name = Debug;
		};
		98A49D5C1E1E2029006D7C67 /* Release */ = {
			isa = XCBuildConfiguration;
			buildSettings = {
				ASSETCATALOG_COMPILER_APPICON_NAME = AppIcon;
				DEVELOPMENT_TEAM = DE7X372854;
				INFOPLIST_FILE = "Healthee for iOS/Info.plist";
				LD_RUNPATH_SEARCH_PATHS = "$(inherited) @executable_path/Frameworks";
				PRODUCT_BUNDLE_IDENTIFIER = "shashank-acharya.Healthee-for-iOS";
				PRODUCT_NAME = "$(TARGET_NAME)";
				SWIFT_VERSION = 3.0;
			};
			name = Release;
		};
		98A49D5E1E1E2029006D7C67 /* Debug */ = {
			isa = XCBuildConfiguration;
			buildSettings = {
				ALWAYS_EMBED_SWIFT_STANDARD_LIBRARIES = YES;
				BUNDLE_LOADER = "$(TEST_HOST)";
				DEVELOPMENT_TEAM = DE7X372854;
				INFOPLIST_FILE = "Healthee for iOSTests/Info.plist";
				LD_RUNPATH_SEARCH_PATHS = "$(inherited) @executable_path/Frameworks @loader_path/Frameworks";
				PRODUCT_BUNDLE_IDENTIFIER = "shashank-acharya.Healthee-for-iOSTests";
				PRODUCT_NAME = "$(TARGET_NAME)";
				SWIFT_VERSION = 3.0;
				TEST_HOST = "$(BUILT_PRODUCTS_DIR)/Healthee for iOS.app/Healthee for iOS";
			};
			name = Debug;
		};
		98A49D5F1E1E2029006D7C67 /* Release */ = {
			isa = XCBuildConfiguration;
			buildSettings = {
				ALWAYS_EMBED_SWIFT_STANDARD_LIBRARIES = YES;
				BUNDLE_LOADER = "$(TEST_HOST)";
				DEVELOPMENT_TEAM = DE7X372854;
				INFOPLIST_FILE = "Healthee for iOSTests/Info.plist";
				LD_RUNPATH_SEARCH_PATHS = "$(inherited) @executable_path/Frameworks @loader_path/Frameworks";
				PRODUCT_BUNDLE_IDENTIFIER = "shashank-acharya.Healthee-for-iOSTests";
				PRODUCT_NAME = "$(TARGET_NAME)";
				SWIFT_VERSION = 3.0;
				TEST_HOST = "$(BUILT_PRODUCTS_DIR)/Healthee for iOS.app/Healthee for iOS";
			};
			name = Release;
		};
		98A49D611E1E2029006D7C67 /* Debug */ = {
			isa = XCBuildConfiguration;
			buildSettings = {
				ALWAYS_EMBED_SWIFT_STANDARD_LIBRARIES = YES;
				DEVELOPMENT_TEAM = DE7X372854;
				INFOPLIST_FILE = "Healthee for iOSUITests/Info.plist";
				LD_RUNPATH_SEARCH_PATHS = "$(inherited) @executable_path/Frameworks @loader_path/Frameworks";
				PRODUCT_BUNDLE_IDENTIFIER = "shashank-acharya.Healthee-for-iOSUITests";
				PRODUCT_NAME = "$(TARGET_NAME)";
				SWIFT_VERSION = 3.0;
				TEST_TARGET_NAME = "Healthee for iOS";
			};
			name = Debug;
		};
		98A49D621E1E2029006D7C67 /* Release */ = {
			isa = XCBuildConfiguration;
			buildSettings = {
				ALWAYS_EMBED_SWIFT_STANDARD_LIBRARIES = YES;
				DEVELOPMENT_TEAM = DE7X372854;
				INFOPLIST_FILE = "Healthee for iOSUITests/Info.plist";
				LD_RUNPATH_SEARCH_PATHS = "$(inherited) @executable_path/Frameworks @loader_path/Frameworks";
				PRODUCT_BUNDLE_IDENTIFIER = "shashank-acharya.Healthee-for-iOSUITests";
				PRODUCT_NAME = "$(TARGET_NAME)";
				SWIFT_VERSION = 3.0;
				TEST_TARGET_NAME = "Healthee for iOS";
			};
			name = Release;
		};
/* End XCBuildConfiguration section */

/* Begin XCConfigurationList section */
		98A49D2D1E1E2028006D7C67 /* Build configuration list for PBXProject "Healthee for iOS" */ = {
			isa = XCConfigurationList;
			buildConfigurations = (
				98A49D581E1E2029006D7C67 /* Debug */,
				98A49D591E1E2029006D7C67 /* Release */,
			);
			defaultConfigurationIsVisible = 0;
			defaultConfigurationName = Release;
		};
		98A49D5A1E1E2029006D7C67 /* Build configuration list for PBXNativeTarget "Healthee for iOS" */ = {
			isa = XCConfigurationList;
			buildConfigurations = (
				98A49D5B1E1E2029006D7C67 /* Debug */,
				98A49D5C1E1E2029006D7C67 /* Release */,
			);
			defaultConfigurationIsVisible = 0;
		};
		98A49D5D1E1E2029006D7C67 /* Build configuration list for PBXNativeTarget "Healthee for iOSTests" */ = {
			isa = XCConfigurationList;
			buildConfigurations = (
				98A49D5E1E1E2029006D7C67 /* Debug */,
				98A49D5F1E1E2029006D7C67 /* Release */,
			);
			defaultConfigurationIsVisible = 0;
		};
		98A49D601E1E2029006D7C67 /* Build configuration list for PBXNativeTarget "Healthee for iOSUITests" */ = {
			isa = XCConfigurationList;
			buildConfigurations = (
				98A49D611E1E2029006D7C67 /* Debug */,
				98A49D621E1E2029006D7C67 /* Release */,
			);
			defaultConfigurationIsVisible = 0;
		};
/* End XCConfigurationList section */
	};
	rootObject = 98A49D2A1E1E2028006D7C67 /* Project object */;
}
